
Microsoft Visual Studio Solution File, Format Version 12.00
# Visual Studio Version 17
VisualStudioVersion = 17.6.33815.320
MinimumVisualStudioVersion = 10.0.40219.1
Project("{8BC9CEB8-8B4A-11D0-8D11-00A0C91BC942}") = "Lab_1_87", "Lab_1_87\Lab_1_87.vcxproj", "{EF982FCD-4729-4DB8-9BD9-73F29545854B}"
EndProject
Project("{8BC9CEB8-8B4A-11D0-8D11-00A0C91BC942}") = "Lab_2_38", "Lab_2_38\Lab_2_38.vcxproj", "{21BBE422-D0EC-4B79-88DB-B987784ECDEA}"
EndProject
Project("{8BC9CEB8-8B4A-11D0-8D11-00A0C91BC942}") = "Lab_3_88", "Lab_3_88\Lab_3_88.vcxproj", "{8EFFC59E-177F-4E4E-B4A4-9144C5977F80}"
EndProject
Project("{8BC9CEB8-8B4A-11D0-8D11-00A0C91BC942}") = "Lab_4_38", "Lab_4_38\Lab_4_38.vcxproj", "{DBED9016-7305-4451-A9FE-E37C74DF6169}"
EndProject
Project("{8BC9CEB8-8B4A-11D0-8D11-00A0C91BC942}") = "Lab_5_63", "Lab_5_63\Lab_5_63.vcxproj", "{45E4961B-39F3-42D0-94C5-ACAEF70709DD}"
EndProject
Project("{8BC9CEB8-8B4A-11D0-8D11-00A0C91BC942}") = "Lab_6_18", "Lab_6_18\Lab_6_18.vcxproj", "{5AFA0CE2-9E4C-495C-8567-FFA3F7F9A2F5}"
EndProject
Project("{8BC9CEB8-8B4A-11D0-8D11-00A0C91BC942}") = "Lab_7_63", "Lab_7_63\Lab_7_63.vcxproj", "{3BCFCD5C-39C0-4E48-BFDA-94E02C89E1AD}"
EndProject
Project("{8BC9CEB8-8B4A-11D0-8D11-00A0C91BC942}") = "Lab_8_95", "Lab_8_95\Lab_8_95.vcxproj", "{5CCDE8A0-738E-4896-9A6E-D94D7A44307E}"
EndProject
Project("{8BC9CEB8-8B4A-11D0-8D11-00A0C91BC942}") = "Lab_9_64", "Lab_9_64\Lab_9_64.vcxproj", "{E4A297B5-319F-4009-A239-FACB198A9D91}"
EndProject
Global
	GlobalSection(SolutionConfigurationPlatforms) = preSolution
		Debug|x64 = Debug|x64
		Debug|x86 = Debug|x86
		Release|x64 = Release|x64
		Release|x86 = Release|x86
	EndGlobalSection
	GlobalSection(ProjectConfigurationPlatforms) = postSolution
		{EF982FCD-4729-4DB8-9BD9-73F29545854B}.Debug|x64.ActiveCfg = Debug|x64
		{EF982FCD-4729-4DB8-9BD9-73F29545854B}.Debug|x64.Build.0 = Debug|x64
		{EF982FCD-4729-4DB8-9BD9-73F29545854B}.Debug|x86.ActiveCfg = Debug|Win32
		{EF982FCD-4729-4DB8-9BD9-73F29545854B}.Debug|x86.Build.0 = Debug|Win32
		{EF982FCD-4729-4DB8-9BD9-73F29545854B}.Release|x64.ActiveCfg = Release|x64
		{EF982FCD-4729-4DB8-9BD9-73F29545854B}.Release|x64.Build.0 = Release|x64
		{EF982FCD-4729-4DB8-9BD9-73F29545854B}.Release|x86.ActiveCfg = Release|Win32
		{EF982FCD-4729-4DB8-9BD9-73F29545854B}.Release|x86.Build.0 = Release|Win32
		{21BBE422-D0EC-4B79-88DB-B987784ECDEA}.Debug|x64.ActiveCfg = Debug|x64
		{21BBE422-D0EC-4B79-88DB-B987784ECDEA}.Debug|x64.Build.0 = Debug|x64
		{21BBE422-D0EC-4B79-88DB-B987784ECDEA}.Debug|x86.ActiveCfg = Debug|Win32
		{21BBE422-D0EC-4B79-88DB-B987784ECDEA}.Debug|x86.Build.0 = Debug|Win32
		{21BBE422-D0EC-4B79-88DB-B987784ECDEA}.Release|x64.ActiveCfg = Release|x64
		{21BBE422-D0EC-4B79-88DB-B987784ECDEA}.Release|x64.Build.0 = Release|x64
		{21BBE422-D0EC-4B79-88DB-B987784ECDEA}.Release|x86.ActiveCfg = Release|Win32
		{21BBE422-D0EC-4B79-88DB-B987784ECDEA}.Release|x86.Build.0 = Release|Win32
		{8EFFC59E-177F-4E4E-B4A4-9144C5977F80}.Debug|x64.ActiveCfg = Debug|x64
		{8EFFC59E-177F-4E4E-B4A4-9144C5977F80}.Debug|x64.Build.0 = Debug|x64
		{8EFFC59E-177F-4E4E-B4A4-9144C5977F80}.Debug|x86.ActiveCfg = Debug|Win32
		{8EFFC59E-177F-4E4E-B4A4-9144C5977F80}.Debug|x86.Build.0 = Debug|Win32
		{8EFFC59E-177F-4E4E-B4A4-9144C5977F80}.Release|x64.ActiveCfg = Release|x64
		{8EFFC59E-177F-4E4E-B4A4-9144C5977F80}.Release|x64.Build.0 = Release|x64
		{8EFFC59E-177F-4E4E-B4A4-9144C5977F80}.Release|x86.ActiveCfg = Release|Win32
		{8EFFC59E-177F-4E4E-B4A4-9144C5977F80}.Release|x86.Build.0 = Release|Win32
		{DBED9016-7305-4451-A9FE-E37C74DF6169}.Debug|x64.ActiveCfg = Debug|x64
		{DBED9016-7305-4451-A9FE-E37C74DF6169}.Debug|x64.Build.0 = Debug|x64
		{DBED9016-7305-4451-A9FE-E37C74DF6169}.Debug|x86.ActiveCfg = Debug|Win32
		{DBED9016-7305-4451-A9FE-E37C74DF6169}.Debug|x86.Build.0 = Debug|Win32
		{DBED9016-7305-4451-A9FE-E37C74DF6169}.Release|x64.ActiveCfg = Release|x64
		{DBED9016-7305-4451-A9FE-E37C74DF6169}.Release|x64.Build.0 = Release|x64
		{DBED9016-7305-4451-A9FE-E37C74DF6169}.Release|x86.ActiveCfg = Release|Win32
		{DBED9016-7305-4451-A9FE-E37C74DF6169}.Release|x86.Build.0 = Release|Win32
		{45E4961B-39F3-42D0-94C5-ACAEF70709DD}.Debug|x64.ActiveCfg = Debug|x64
		{45E4961B-39F3-42D0-94C5-ACAEF70709DD}.Debug|x64.Build.0 = Debug|x64
		{45E4961B-39F3-42D0-94C5-ACAEF70709DD}.Debug|x86.ActiveCfg = Debug|Win32
		{45E4961B-39F3-42D0-94C5-ACAEF70709DD}.Debug|x86.Build.0 = Debug|Win32
		{45E4961B-39F3-42D0-94C5-ACAEF70709DD}.Release|x64.ActiveCfg = Release|x64
		{45E4961B-39F3-42D0-94C5-ACAEF70709DD}.Release|x64.Build.0 = Release|x64
		{45E4961B-39F3-42D0-94C5-ACAEF70709DD}.Release|x86.ActiveCfg = Release|Win32
		{45E4961B-39F3-42D0-94C5-ACAEF70709DD}.Release|x86.Build.0 = Release|Win32
		{5AFA0CE2-9E4C-495C-8567-FFA3F7F9A2F5}.Debug|x64.ActiveCfg = Debug|x64
		{5AFA0CE2-9E4C-495C-8567-FFA3F7F9A2F5}.Debug|x64.Build.0 = Debug|x64
		{5AFA0CE2-9E4C-495C-8567-FFA3F7F9A2F5}.Debug|x86.ActiveCfg = Debug|Win32
		{5AFA0CE2-9E4C-495C-8567-FFA3F7F9A2F5}.Debug|x86.Build.0 = Debug|Win32
		{5AFA0CE2-9E4C-495C-8567-FFA3F7F9A2F5}.Release|x64.ActiveCfg = Release|x64
		{5AFA0CE2-9E4C-495C-8567-FFA3F7F9A2F5}.Release|x64.Build.0 = Release|x64
		{5AFA0CE2-9E4C-495C-8567-FFA3F7F9A2F5}.Release|x86.ActiveCfg = Release|Win32
		{5AFA0CE2-9E4C-495C-8567-FFA3F7F9A2F5}.Release|x86.Build.0 = Release|Win32
		{3BCFCD5C-39C0-4E48-BFDA-94E02C89E1AD}.Debug|x64.ActiveCfg = Debug|x64
		{3BCFCD5C-39C0-4E48-BFDA-94E02C89E1AD}.Debug|x64.Build.0 = Debug|x64
		{3BCFCD5C-39C0-4E48-BFDA-94E02C89E1AD}.Debug|x86.ActiveCfg = Debug|Win32
		{3BCFCD5C-39C0-4E48-BFDA-94E02C89E1AD}.Debug|x86.Build.0 = Debug|Win32
		{3BCFCD5C-39C0-4E48-BFDA-94E02C89E1AD}.Release|x64.ActiveCfg = Release|x64
		{3BCFCD5C-39C0-4E48-BFDA-94E02C89E1AD}.Release|x64.Build.0 = Release|x64
		{3BCFCD5C-39C0-4E48-BFDA-94E02C89E1AD}.Release|x86.ActiveCfg = Release|Win32
		{3BCFCD5C-39C0-4E48-BFDA-94E02C89E1AD}.Release|x86.Build.0 = Release|Win32
		{5CCDE8A0-738E-4896-9A6E-D94D7A44307E}.Debug|x64.ActiveCfg = Debug|x64
		{5CCDE8A0-738E-4896-9A6E-D94D7A44307E}.Debug|x64.Build.0 = Debug|x64
		{5CCDE8A0-738E-4896-9A6E-D94D7A44307E}.Debug|x86.ActiveCfg = Debug|Win32
		{5CCDE8A0-738E-4896-9A6E-D94D7A44307E}.Debug|x86.Build.0 = Debug|Win32
		{5CCDE8A0-738E-4896-9A6E-D94D7A44307E}.Release|x64.ActiveCfg = Release|x64
		{5CCDE8A0-738E-4896-9A6E-D94D7A44307E}.Release|x64.Build.0 = Release|x64
		{5CCDE8A0-738E-4896-9A6E-D94D7A44307E}.Release|x86.ActiveCfg = Release|Win32
		{5CCDE8A0-738E-4896-9A6E-D94D7A44307E}.Release|x86.Build.0 = Release|Win32
		{E4A297B5-319F-4009-A239-FACB198A9D91}.Debug|x64.ActiveCfg = Debug|x64
		{E4A297B5-319F-4009-A239-FACB198A9D91}.Debug|x64.Build.0 = Debug|x64
		{E4A297B5-319F-4009-A239-FACB198A9D91}.Debug|x86.ActiveCfg = Debug|Win32
		{E4A297B5-319F-4009-A239-FACB198A9D91}.Debug|x86.Build.0 = Debug|Win32
		{E4A297B5-319F-4009-A239-FACB198A9D91}.Release|x64.ActiveCfg = Release|x64
		{E4A297B5-319F-4009-A239-FACB198A9D91}.Release|x64.Build.0 = Release|x64
		{E4A297B5-319F-4009-A239-FACB198A9D91}.Release|x86.ActiveCfg = Release|Win32
		{E4A297B5-319F-4009-A239-FACB198A9D91}.Release|x86.Build.0 = Release|Win32
	EndGlobalSection
	GlobalSection(SolutionProperties) = preSolution
		HideSolutionNode = FALSE
	EndGlobalSection
	GlobalSection(ExtensibilityGlobals) = postSolution
		SolutionGuid = {83D4EF78-B54B-407D-836C-01CB83B04E79}
	EndGlobalSection
EndGlobal
